
Microsoft Visual Studio Solution File, Format Version 12.00
# Visual Studio Version 17
VisualStudioVersion = 17.11.35219.272
MinimumVisualStudioVersion = 10.0.40219.1
Project("{FAE04EC0-301F-11D3-BF4B-00C04F79EFBC}") = "Questão1", "Lista1_AED\Questão1.csproj", "{5FB6FFF2-DC94-4C37-9960-E9E769CC828B}"
EndProject
Project("{FAE04EC0-301F-11D3-BF4B-00C04F79EFBC}") = "Questão 2", "Questão 2\Questão 2.csproj", "{CB76AC70-A89B-49F8-95A8-9447D36C84A0}"
EndProject
Project("{FAE04EC0-301F-11D3-BF4B-00C04F79EFBC}") = "Questão 3", "Questão 3\Questão 3.csproj", "{5AE61BA0-7A57-4C42-8D96-3346041161B3}"
EndProject
Project("{FAE04EC0-301F-11D3-BF4B-00C04F79EFBC}") = "Questão 4", "Questão 4\Questão 4.csproj", "{40D3A609-6002-4676-AD1F-D1D82DBDE254}"
EndProject
Project("{FAE04EC0-301F-11D3-BF4B-00C04F79EFBC}") = "Questão 5", "Questão 5\Questão 5.csproj", "{411ACCA7-E65F-477F-83E6-3C74AB05923E}"
EndProject
Project("{FAE04EC0-301F-11D3-BF4B-00C04F79EFBC}") = "Questão 6", "Questão 6\Questão 6.csproj", "{3A9D7223-2F7E-4F9C-929A-1DE39AD50E5F}"
EndProject
Project("{FAE04EC0-301F-11D3-BF4B-00C04F79EFBC}") = "Questão 7", "Questão 7\Questão 7.csproj", "{10BA7B8F-79BB-4CB2-931D-0894646953FA}"
EndProject
Global
	GlobalSection(SolutionConfigurationPlatforms) = preSolution
		Debug|Any CPU = Debug|Any CPU
		Release|Any CPU = Release|Any CPU
	EndGlobalSection
	GlobalSection(ProjectConfigurationPlatforms) = postSolution
		{5FB6FFF2-DC94-4C37-9960-E9E769CC828B}.Debug|Any CPU.ActiveCfg = Debug|Any CPU
		{5FB6FFF2-DC94-4C37-9960-E9E769CC828B}.Debug|Any CPU.Build.0 = Debug|Any CPU
		{5FB6FFF2-DC94-4C37-9960-E9E769CC828B}.Release|Any CPU.ActiveCfg = Release|Any CPU
		{5FB6FFF2-DC94-4C37-9960-E9E769CC828B}.Release|Any CPU.Build.0 = Release|Any CPU
		{CB76AC70-A89B-49F8-95A8-9447D36C84A0}.Debug|Any CPU.ActiveCfg = Debug|Any CPU
		{CB76AC70-A89B-49F8-95A8-9447D36C84A0}.Debug|Any CPU.Build.0 = Debug|Any CPU
		{CB76AC70-A89B-49F8-95A8-9447D36C84A0}.Release|Any CPU.ActiveCfg = Release|Any CPU
		{CB76AC70-A89B-49F8-95A8-9447D36C84A0}.Release|Any CPU.Build.0 = Release|Any CPU
		{5AE61BA0-7A57-4C42-8D96-3346041161B3}.Debug|Any CPU.ActiveCfg = Debug|Any CPU
		{5AE61BA0-7A57-4C42-8D96-3346041161B3}.Debug|Any CPU.Build.0 = Debug|Any CPU
		{5AE61BA0-7A57-4C42-8D96-3346041161B3}.Release|Any CPU.ActiveCfg = Release|Any CPU
		{5AE61BA0-7A57-4C42-8D96-3346041161B3}.Release|Any CPU.Build.0 = Release|Any CPU
		{40D3A609-6002-4676-AD1F-D1D82DBDE254}.Debug|Any CPU.ActiveCfg = Debug|Any CPU
		{40D3A609-6002-4676-AD1F-D1D82DBDE254}.Debug|Any CPU.Build.0 = Debug|Any CPU
		{40D3A609-6002-4676-AD1F-D1D82DBDE254}.Release|Any CPU.ActiveCfg = Release|Any CPU
		{40D3A609-6002-4676-AD1F-D1D82DBDE254}.Release|Any CPU.Build.0 = Release|Any CPU
		{411ACCA7-E65F-477F-83E6-3C74AB05923E}.Debug|Any CPU.ActiveCfg = Debug|Any CPU
		{411ACCA7-E65F-477F-83E6-3C74AB05923E}.Debug|Any CPU.Build.0 = Debug|Any CPU
		{411ACCA7-E65F-477F-83E6-3C74AB05923E}.Release|Any CPU.ActiveCfg = Release|Any CPU
		{411ACCA7-E65F-477F-83E6-3C74AB05923E}.Release|Any CPU.Build.0 = Release|Any CPU
		{3A9D7223-2F7E-4F9C-929A-1DE39AD50E5F}.Debug|Any CPU.ActiveCfg = Debug|Any CPU
		{3A9D7223-2F7E-4F9C-929A-1DE39AD50E5F}.Debug|Any CPU.Build.0 = Debug|Any CPU
		{3A9D7223-2F7E-4F9C-929A-1DE39AD50E5F}.Release|Any CPU.ActiveCfg = Release|Any CPU
		{3A9D7223-2F7E-4F9C-929A-1DE39AD50E5F}.Release|Any CPU.Build.0 = Release|Any CPU
		{10BA7B8F-79BB-4CB2-931D-0894646953FA}.Debug|Any CPU.ActiveCfg = Debug|Any CPU
		{10BA7B8F-79BB-4CB2-931D-0894646953FA}.Debug|Any CPU.Build.0 = Debug|Any CPU
		{10BA7B8F-79BB-4CB2-931D-0894646953FA}.Release|Any CPU.ActiveCfg = Release|Any CPU
		{10BA7B8F-79BB-4CB2-931D-0894646953FA}.Release|Any CPU.Build.0 = Release|Any CPU
	EndGlobalSection
	GlobalSection(SolutionProperties) = preSolution
		HideSolutionNode = FALSE
	EndGlobalSection
	GlobalSection(ExtensibilityGlobals) = postSolution
		SolutionGuid = {AEDAC8E9-7FC6-4A9A-BDA0-82F8CCCCEA1B}
	EndGlobalSection
EndGlobal
